
Microsoft Visual Studio Solution File, Format Version 12.00
# Visual Studio Version 17
VisualStudioVersion = 17.6.33815.320
MinimumVisualStudioVersion = 10.0.40219.1
Project("{FAE04EC0-301F-11D3-BF4B-00C04F79EFBC}") = "Lab1ex5", "Lab1ex5\Lab1ex5.csproj", "{2E900643-8F24-4DC0-86F2-37482F5DB3E1}"
EndProject
Global
	GlobalSection(SolutionConfigurationPlatforms) = preSolution
		Debug|Any CPU = Debug|Any CPU
		Release|Any CPU = Release|Any CPU
	EndGlobalSection
	GlobalSection(ProjectConfigurationPlatforms) = postSolution
		{2E900643-8F24-4DC0-86F2-37482F5DB3E1}.Debug|Any CPU.ActiveCfg = Debug|Any CPU
		{2E900643-8F24-4DC0-86F2-37482F5DB3E1}.Debug|Any CPU.Build.0 = Debug|Any CPU
		{2E900643-8F24-4DC0-86F2-37482F5DB3E1}.Release|Any CPU.ActiveCfg = Release|Any CPU
		{2E900643-8F24-4DC0-86F2-37482F5DB3E1}.Release|Any CPU.Build.0 = Release|Any CPU
	EndGlobalSection
	GlobalSection(SolutionProperties) = preSolution
		HideSolutionNode = FALSE
	EndGlobalSection
	GlobalSection(ExtensibilityGlobals) = postSolution
		SolutionGuid = {D5D5AA97-A2F5-4E18-8221-6A1B5C497C77}
	EndGlobalSection
EndGlobal
